
Microsoft Visual Studio Solution File, Format Version 12.00
# Visual Studio 15
VisualStudioVersion = 15.0.28010.2003
MinimumVisualStudioVersion = 10.0.40219.1
Project("{FAE04EC0-301F-11D3-BF4B-00C04F79EFBC}") = "Character Creator", "Character Creator\Character Creator.csproj", "{B25404E7-15C5-43D9-AE8D-906F15241FF4}"
EndProject
Global
	GlobalSection(SolutionConfigurationPlatforms) = preSolution
		Debug|Any CPU = Debug|Any CPU
		Release|Any CPU = Release|Any CPU
	EndGlobalSection
	GlobalSection(ProjectConfigurationPlatforms) = postSolution
		{B25404E7-15C5-43D9-AE8D-906F15241FF4}.Debug|Any CPU.ActiveCfg = Debug|Any CPU
		{B25404E7-15C5-43D9-AE8D-906F15241FF4}.Debug|Any CPU.Build.0 = Debug|Any CPU
		{B25404E7-15C5-43D9-AE8D-906F15241FF4}.Release|Any CPU.ActiveCfg = Release|Any CPU
		{B25404E7-15C5-43D9-AE8D-906F15241FF4}.Release|Any CPU.Build.0 = Release|Any CPU
	EndGlobalSection
	GlobalSection(SolutionProperties) = preSolution
		HideSolutionNode = FALSE
	EndGlobalSection
	GlobalSection(ExtensibilityGlobals) = postSolution
		SolutionGuid = {CB9A49A3-9D3D-4F06-AFC2-5AF756DF7BF8}
	EndGlobalSection
EndGlobal
