
Microsoft Visual Studio Solution File, Format Version 12.00
# Visual Studio 15
VisualStudioVersion = 15.0.28010.2003
MinimumVisualStudioVersion = 10.0.40219.1
Project("{FAE04EC0-301F-11D3-BF4B-00C04F79EFBC}") = "Algorithim Practice", "Algorithim Practice\Algorithim Practice.csproj", "{7043982F-F0E6-4630-B4F5-25B04962BB26}"
EndProject
Global
	GlobalSection(SolutionConfigurationPlatforms) = preSolution
		Debug|Any CPU = Debug|Any CPU
		Release|Any CPU = Release|Any CPU
	EndGlobalSection
	GlobalSection(ProjectConfigurationPlatforms) = postSolution
		{7043982F-F0E6-4630-B4F5-25B04962BB26}.Debug|Any CPU.ActiveCfg = Debug|Any CPU
		{7043982F-F0E6-4630-B4F5-25B04962BB26}.Debug|Any CPU.Build.0 = Debug|Any CPU
		{7043982F-F0E6-4630-B4F5-25B04962BB26}.Release|Any CPU.ActiveCfg = Release|Any CPU
		{7043982F-F0E6-4630-B4F5-25B04962BB26}.Release|Any CPU.Build.0 = Release|Any CPU
	EndGlobalSection
	GlobalSection(SolutionProperties) = preSolution
		HideSolutionNode = FALSE
	EndGlobalSection
	GlobalSection(ExtensibilityGlobals) = postSolution
		SolutionGuid = {DAE8BCC7-F78B-4156-8F19-C340D8E82AB5}
	EndGlobalSection
EndGlobal
