
Microsoft Visual Studio Solution File, Format Version 12.00
# Visual Studio 15
VisualStudioVersion = 15.0.28010.2003
MinimumVisualStudioVersion = 10.0.40219.1
Project("{FAE04EC0-301F-11D3-BF4B-00C04F79EFBC}") = "HKoloski_CeasarCipher", "HKoloski_CeasarCipher\HKoloski_CeasarCipher.csproj", "{72B830F7-0EB8-438D-96F6-051BC1C792B4}"
EndProject
Global
	GlobalSection(SolutionConfigurationPlatforms) = preSolution
		Debug|Any CPU = Debug|Any CPU
		Release|Any CPU = Release|Any CPU
	EndGlobalSection
	GlobalSection(ProjectConfigurationPlatforms) = postSolution
		{72B830F7-0EB8-438D-96F6-051BC1C792B4}.Debug|Any CPU.ActiveCfg = Debug|Any CPU
		{72B830F7-0EB8-438D-96F6-051BC1C792B4}.Debug|Any CPU.Build.0 = Debug|Any CPU
		{72B830F7-0EB8-438D-96F6-051BC1C792B4}.Release|Any CPU.ActiveCfg = Release|Any CPU
		{72B830F7-0EB8-438D-96F6-051BC1C792B4}.Release|Any CPU.Build.0 = Release|Any CPU
	EndGlobalSection
	GlobalSection(SolutionProperties) = preSolution
		HideSolutionNode = FALSE
	EndGlobalSection
	GlobalSection(ExtensibilityGlobals) = postSolution
		SolutionGuid = {2936A8A7-2919-4188-AF40-2959F7B999B4}
	EndGlobalSection
EndGlobal
