
Microsoft Visual Studio Solution File, Format Version 12.00
# Visual Studio 15
VisualStudioVersion = 15.0.28010.2003
MinimumVisualStudioVersion = 10.0.40219.1
Project("{FAE04EC0-301F-11D3-BF4B-00C04F79EFBC}") = "Cards_Against_Ryanmanity", "Cards_Against_Ryanmanity\Cards_Against_Ryanmanity.csproj", "{5F801CA6-6FDB-4C3A-A390-E233C8C647E9}"
EndProject
Global
	GlobalSection(SolutionConfigurationPlatforms) = preSolution
		Debug|Any CPU = Debug|Any CPU
		Release|Any CPU = Release|Any CPU
	EndGlobalSection
	GlobalSection(ProjectConfigurationPlatforms) = postSolution
		{5F801CA6-6FDB-4C3A-A390-E233C8C647E9}.Debug|Any CPU.ActiveCfg = Debug|Any CPU
		{5F801CA6-6FDB-4C3A-A390-E233C8C647E9}.Debug|Any CPU.Build.0 = Debug|Any CPU
		{5F801CA6-6FDB-4C3A-A390-E233C8C647E9}.Release|Any CPU.ActiveCfg = Release|Any CPU
		{5F801CA6-6FDB-4C3A-A390-E233C8C647E9}.Release|Any CPU.Build.0 = Release|Any CPU
	EndGlobalSection
	GlobalSection(SolutionProperties) = preSolution
		HideSolutionNode = FALSE
	EndGlobalSection
	GlobalSection(ExtensibilityGlobals) = postSolution
		SolutionGuid = {70B8E6EF-F189-4764-8E15-D6330D8FC123}
	EndGlobalSection
EndGlobal
