
Microsoft Visual Studio Solution File, Format Version 12.00
# Visual Studio 15
VisualStudioVersion = 15.0.28010.2003
MinimumVisualStudioVersion = 10.0.40219.1
Project("{FAE04EC0-301F-11D3-BF4B-00C04F79EFBC}") = "Squares and Meth", "Squares and Meth\Squares and Meth.csproj", "{C09C31ED-11EA-4FA8-9CF2-5519044030E6}"
EndProject
Global
	GlobalSection(SolutionConfigurationPlatforms) = preSolution
		Debug|Any CPU = Debug|Any CPU
		Release|Any CPU = Release|Any CPU
	EndGlobalSection
	GlobalSection(ProjectConfigurationPlatforms) = postSolution
		{C09C31ED-11EA-4FA8-9CF2-5519044030E6}.Debug|Any CPU.ActiveCfg = Debug|Any CPU
		{C09C31ED-11EA-4FA8-9CF2-5519044030E6}.Debug|Any CPU.Build.0 = Debug|Any CPU
		{C09C31ED-11EA-4FA8-9CF2-5519044030E6}.Release|Any CPU.ActiveCfg = Release|Any CPU
		{C09C31ED-11EA-4FA8-9CF2-5519044030E6}.Release|Any CPU.Build.0 = Release|Any CPU
	EndGlobalSection
	GlobalSection(SolutionProperties) = preSolution
		HideSolutionNode = FALSE
	EndGlobalSection
	GlobalSection(ExtensibilityGlobals) = postSolution
		SolutionGuid = {4DCDC4A1-86E2-4885-AE89-624EE4BF5B36}
	EndGlobalSection
EndGlobal
