
Microsoft Visual Studio Solution File, Format Version 12.00
# Visual Studio 15
VisualStudioVersion = 15.0.28010.2003
MinimumVisualStudioVersion = 10.0.40219.1
Project("{FAE04EC0-301F-11D3-BF4B-00C04F79EFBC}") = "Actual Ceasar Cipher", "Actual Ceasar Cipher\Actual Ceasar Cipher.csproj", "{2B99DDA7-0204-469C-87D8-0917ABC26A37}"
EndProject
Global
	GlobalSection(SolutionConfigurationPlatforms) = preSolution
		Debug|Any CPU = Debug|Any CPU
		Release|Any CPU = Release|Any CPU
	EndGlobalSection
	GlobalSection(ProjectConfigurationPlatforms) = postSolution
		{2B99DDA7-0204-469C-87D8-0917ABC26A37}.Debug|Any CPU.ActiveCfg = Debug|Any CPU
		{2B99DDA7-0204-469C-87D8-0917ABC26A37}.Debug|Any CPU.Build.0 = Debug|Any CPU
		{2B99DDA7-0204-469C-87D8-0917ABC26A37}.Release|Any CPU.ActiveCfg = Release|Any CPU
		{2B99DDA7-0204-469C-87D8-0917ABC26A37}.Release|Any CPU.Build.0 = Release|Any CPU
	EndGlobalSection
	GlobalSection(SolutionProperties) = preSolution
		HideSolutionNode = FALSE
	EndGlobalSection
	GlobalSection(ExtensibilityGlobals) = postSolution
		SolutionGuid = {BFF8D7FA-DEC1-4A9F-B088-F6275E638FC0}
	EndGlobalSection
EndGlobal
