
Microsoft Visual Studio Solution File, Format Version 12.00
# Visual Studio 15
VisualStudioVersion = 15.0.28010.0
MinimumVisualStudioVersion = 10.0.40219.1
Project("{FAE04EC0-301F-11D3-BF4B-00C04F79EFBC}") = "Debugging", "Debugging\Debugging.csproj", "{5386448B-0F91-478D-8D9C-2CB6A9A89996}"
EndProject
Global
	GlobalSection(SolutionConfigurationPlatforms) = preSolution
		Debug|Any CPU = Debug|Any CPU
		Release|Any CPU = Release|Any CPU
	EndGlobalSection
	GlobalSection(ProjectConfigurationPlatforms) = postSolution
		{5386448B-0F91-478D-8D9C-2CB6A9A89996}.Debug|Any CPU.ActiveCfg = Debug|Any CPU
		{5386448B-0F91-478D-8D9C-2CB6A9A89996}.Debug|Any CPU.Build.0 = Debug|Any CPU
		{5386448B-0F91-478D-8D9C-2CB6A9A89996}.Release|Any CPU.ActiveCfg = Release|Any CPU
		{5386448B-0F91-478D-8D9C-2CB6A9A89996}.Release|Any CPU.Build.0 = Release|Any CPU
	EndGlobalSection
	GlobalSection(SolutionProperties) = preSolution
		HideSolutionNode = FALSE
	EndGlobalSection
	GlobalSection(ExtensibilityGlobals) = postSolution
		SolutionGuid = {A77AE0D5-B64A-486A-9251-2731C7041D92}
	EndGlobalSection
EndGlobal
